
Microsoft Visual Studio Solution File, Format Version 12.00
# Visual Studio Version 16
VisualStudioVersion = 16.0.31410.357
MinimumVisualStudioVersion = 10.0.40219.1
Project("{FAE04EC0-301F-11D3-BF4B-00C04F79EFBC}") = "xamarin_calculator_6.UWP", "xamarin_calculator_6\xamarin_calculator_6.UWP\xamarin_calculator_6.UWP.csproj", "{F3781AF9-CCEA-417D-A3E3-DB8D936079DB}"
EndProject
Project("{FAE04EC0-301F-11D3-BF4B-00C04F79EFBC}") = "xamarin_calculator_6.Android", "xamarin_calculator_6\xamarin_calculator_6.Android\xamarin_calculator_6.Android.csproj", "{8D5E0894-9AD2-4998-A37D-FFAB6AFC96E0}"
EndProject
Project("{FAE04EC0-301F-11D3-BF4B-00C04F79EFBC}") = "xamarin_calculator_6.iOS", "xamarin_calculator_6\xamarin_calculator_6.iOS\xamarin_calculator_6.iOS.csproj", "{551B7B1E-864E-4C32-84F6-F796311CEDCC}"
EndProject
Project("{FAE04EC0-301F-11D3-BF4B-00C04F79EFBC}") = "xamarin_calculator_6", "xamarin_calculator_6\xamarin_calculator_6\xamarin_calculator_6.csproj", "{7EF93339-32C1-42D6-991C-99EB8E8CE112}"
EndProject
Global
	GlobalSection(SolutionConfigurationPlatforms) = preSolution
		Debug|Any CPU = Debug|Any CPU
		Debug|ARM = Debug|ARM
		Debug|iPhone = Debug|iPhone
		Debug|iPhoneSimulator = Debug|iPhoneSimulator
		Debug|x64 = Debug|x64
		Debug|x86 = Debug|x86
		Release|Any CPU = Release|Any CPU
		Release|ARM = Release|ARM
		Release|iPhone = Release|iPhone
		Release|iPhoneSimulator = Release|iPhoneSimulator
		Release|x64 = Release|x64
		Release|x86 = Release|x86
	EndGlobalSection
	GlobalSection(ProjectConfigurationPlatforms) = postSolution
		{F3781AF9-CCEA-417D-A3E3-DB8D936079DB}.Debug|Any CPU.ActiveCfg = Debug|x86
		{F3781AF9-CCEA-417D-A3E3-DB8D936079DB}.Debug|Any CPU.Build.0 = Debug|x86
		{F3781AF9-CCEA-417D-A3E3-DB8D936079DB}.Debug|Any CPU.Deploy.0 = Debug|x86
		{F3781AF9-CCEA-417D-A3E3-DB8D936079DB}.Debug|ARM.ActiveCfg = Debug|ARM
		{F3781AF9-CCEA-417D-A3E3-DB8D936079DB}.Debug|ARM.Build.0 = Debug|ARM
		{F3781AF9-CCEA-417D-A3E3-DB8D936079DB}.Debug|ARM.Deploy.0 = Debug|ARM
		{F3781AF9-CCEA-417D-A3E3-DB8D936079DB}.Debug|iPhone.ActiveCfg = Debug|x86
		{F3781AF9-CCEA-417D-A3E3-DB8D936079DB}.Debug|iPhone.Build.0 = Debug|x86
		{F3781AF9-CCEA-417D-A3E3-DB8D936079DB}.Debug|iPhone.Deploy.0 = Debug|x86
		{F3781AF9-CCEA-417D-A3E3-DB8D936079DB}.Debug|iPhoneSimulator.ActiveCfg = Debug|x86
		{F3781AF9-CCEA-417D-A3E3-DB8D936079DB}.Debug|iPhoneSimulator.Build.0 = Debug|x86
		{F3781AF9-CCEA-417D-A3E3-DB8D936079DB}.Debug|iPhoneSimulator.Deploy.0 = Debug|x86
		{F3781AF9-CCEA-417D-A3E3-DB8D936079DB}.Debug|x64.ActiveCfg = Debug|x64
		{F3781AF9-CCEA-417D-A3E3-DB8D936079DB}.Debug|x64.Build.0 = Debug|x64
		{F3781AF9-CCEA-417D-A3E3-DB8D936079DB}.Debug|x64.Deploy.0 = Debug|x64
		{F3781AF9-CCEA-417D-A3E3-DB8D936079DB}.Debug|x86.ActiveCfg = Debug|x86
		{F3781AF9-CCEA-417D-A3E3-DB8D936079DB}.Debug|x86.Build.0 = Debug|x86
		{F3781AF9-CCEA-417D-A3E3-DB8D936079DB}.Debug|x86.Deploy.0 = Debug|x86
		{F3781AF9-CCEA-417D-A3E3-DB8D936079DB}.Release|Any CPU.ActiveCfg = Release|x86
		{F3781AF9-CCEA-417D-A3E3-DB8D936079DB}.Release|Any CPU.Build.0 = Release|x86
		{F3781AF9-CCEA-417D-A3E3-DB8D936079DB}.Release|Any CPU.Deploy.0 = Release|x86
		{F3781AF9-CCEA-417D-A3E3-DB8D936079DB}.Release|ARM.ActiveCfg = Release|ARM
		{F3781AF9-CCEA-417D-A3E3-DB8D936079DB}.Release|ARM.Build.0 = Release|ARM
		{F3781AF9-CCEA-417D-A3E3-DB8D936079DB}.Release|ARM.Deploy.0 = Release|ARM
		{F3781AF9-CCEA-417D-A3E3-DB8D936079DB}.Release|iPhone.ActiveCfg = Release|x86
		{F3781AF9-CCEA-417D-A3E3-DB8D936079DB}.Release|iPhone.Build.0 = Release|x86
		{F3781AF9-CCEA-417D-A3E3-DB8D936079DB}.Release|iPhone.Deploy.0 = Release|x86
		{F3781AF9-CCEA-417D-A3E3-DB8D936079DB}.Release|iPhoneSimulator.ActiveCfg = Release|x86
		{F3781AF9-CCEA-417D-A3E3-DB8D936079DB}.Release|iPhoneSimulator.Build.0 = Release|x86
		{F3781AF9-CCEA-417D-A3E3-DB8D936079DB}.Release|iPhoneSimulator.Deploy.0 = Release|x86
		{F3781AF9-CCEA-417D-A3E3-DB8D936079DB}.Release|x64.ActiveCfg = Release|x64
		{F3781AF9-CCEA-417D-A3E3-DB8D936079DB}.Release|x64.Build.0 = Release|x64
		{F3781AF9-CCEA-417D-A3E3-DB8D936079DB}.Release|x64.Deploy.0 = Release|x64
		{F3781AF9-CCEA-417D-A3E3-DB8D936079DB}.Release|x86.ActiveCfg = Release|x86
		{F3781AF9-CCEA-417D-A3E3-DB8D936079DB}.Release|x86.Build.0 = Release|x86
		{F3781AF9-CCEA-417D-A3E3-DB8D936079DB}.Release|x86.Deploy.0 = Release|x86
		{8D5E0894-9AD2-4998-A37D-FFAB6AFC96E0}.Debug|Any CPU.ActiveCfg = Debug|Any CPU
		{8D5E0894-9AD2-4998-A37D-FFAB6AFC96E0}.Debug|Any CPU.Build.0 = Debug|Any CPU
		{8D5E0894-9AD2-4998-A37D-FFAB6AFC96E0}.Debug|Any CPU.Deploy.0 = Debug|Any CPU
		{8D5E0894-9AD2-4998-A37D-FFAB6AFC96E0}.Debug|ARM.ActiveCfg = Debug|Any CPU
		{8D5E0894-9AD2-4998-A37D-FFAB6AFC96E0}.Debug|ARM.Build.0 = Debug|Any CPU
		{8D5E0894-9AD2-4998-A37D-FFAB6AFC96E0}.Debug|ARM.Deploy.0 = Debug|Any CPU
		{8D5E0894-9AD2-4998-A37D-FFAB6AFC96E0}.Debug|iPhone.ActiveCfg = Debug|Any CPU
		{8D5E0894-9AD2-4998-A37D-FFAB6AFC96E0}.Debug|iPhone.Build.0 = Debug|Any CPU
		{8D5E0894-9AD2-4998-A37D-FFAB6AFC96E0}.Debug|iPhone.Deploy.0 = Debug|Any CPU
		{8D5E0894-9AD2-4998-A37D-FFAB6AFC96E0}.Debug|iPhoneSimulator.ActiveCfg = Debug|Any CPU
		{8D5E0894-9AD2-4998-A37D-FFAB6AFC96E0}.Debug|iPhoneSimulator.Build.0 = Debug|Any CPU
		{8D5E0894-9AD2-4998-A37D-FFAB6AFC96E0}.Debug|iPhoneSimulator.Deploy.0 = Debug|Any CPU
		{8D5E0894-9AD2-4998-A37D-FFAB6AFC96E0}.Debug|x64.ActiveCfg = Debug|Any CPU
		{8D5E0894-9AD2-4998-A37D-FFAB6AFC96E0}.Debug|x64.Build.0 = Debug|Any CPU
		{8D5E0894-9AD2-4998-A37D-FFAB6AFC96E0}.Debug|x64.Deploy.0 = Debug|Any CPU
		{8D5E0894-9AD2-4998-A37D-FFAB6AFC96E0}.Debug|x86.ActiveCfg = Debug|Any CPU
		{8D5E0894-9AD2-4998-A37D-FFAB6AFC96E0}.Debug|x86.Build.0 = Debug|Any CPU
		{8D5E0894-9AD2-4998-A37D-FFAB6AFC96E0}.Debug|x86.Deploy.0 = Debug|Any CPU
		{8D5E0894-9AD2-4998-A37D-FFAB6AFC96E0}.Release|Any CPU.ActiveCfg = Release|Any CPU
		{8D5E0894-9AD2-4998-A37D-FFAB6AFC96E0}.Release|Any CPU.Build.0 = Release|Any CPU
		{8D5E0894-9AD2-4998-A37D-FFAB6AFC96E0}.Release|Any CPU.Deploy.0 = Release|Any CPU
		{8D5E0894-9AD2-4998-A37D-FFAB6AFC96E0}.Release|ARM.ActiveCfg = Release|Any CPU
		{8D5E0894-9AD2-4998-A37D-FFAB6AFC96E0}.Release|ARM.Build.0 = Release|Any CPU
		{8D5E0894-9AD2-4998-A37D-FFAB6AFC96E0}.Release|ARM.Deploy.0 = Release|Any CPU
		{8D5E0894-9AD2-4998-A37D-FFAB6AFC96E0}.Release|iPhone.ActiveCfg = Release|Any CPU
		{8D5E0894-9AD2-4998-A37D-FFAB6AFC96E0}.Release|iPhone.Build.0 = Release|Any CPU
		{8D5E0894-9AD2-4998-A37D-FFAB6AFC96E0}.Release|iPhone.Deploy.0 = Release|Any CPU
		{8D5E0894-9AD2-4998-A37D-FFAB6AFC96E0}.Release|iPhoneSimulator.ActiveCfg = Release|Any CPU
		{8D5E0894-9AD2-4998-A37D-FFAB6AFC96E0}.Release|iPhoneSimulator.Build.0 = Release|Any CPU
		{8D5E0894-9AD2-4998-A37D-FFAB6AFC96E0}.Release|iPhoneSimulator.Deploy.0 = Release|Any CPU
		{8D5E0894-9AD2-4998-A37D-FFAB6AFC96E0}.Release|x64.ActiveCfg = Release|Any CPU
		{8D5E0894-9AD2-4998-A37D-FFAB6AFC96E0}.Release|x64.Build.0 = Release|Any CPU
		{8D5E0894-9AD2-4998-A37D-FFAB6AFC96E0}.Release|x64.Deploy.0 = Release|Any CPU
		{8D5E0894-9AD2-4998-A37D-FFAB6AFC96E0}.Release|x86.ActiveCfg = Release|Any CPU
		{8D5E0894-9AD2-4998-A37D-FFAB6AFC96E0}.Release|x86.Build.0 = Release|Any CPU
		{8D5E0894-9AD2-4998-A37D-FFAB6AFC96E0}.Release|x86.Deploy.0 = Release|Any CPU
		{551B7B1E-864E-4C32-84F6-F796311CEDCC}.Debug|Any CPU.ActiveCfg = Debug|iPhoneSimulator
		{551B7B1E-864E-4C32-84F6-F796311CEDCC}.Debug|Any CPU.Build.0 = Debug|iPhoneSimulator
		{551B7B1E-864E-4C32-84F6-F796311CEDCC}.Debug|Any CPU.Deploy.0 = Debug|iPhoneSimulator
		{551B7B1E-864E-4C32-84F6-F796311CEDCC}.Debug|ARM.ActiveCfg = Debug|iPhone
		{551B7B1E-864E-4C32-84F6-F796311CEDCC}.Debug|ARM.Build.0 = Debug|iPhone
		{551B7B1E-864E-4C32-84F6-F796311CEDCC}.Debug|ARM.Deploy.0 = Debug|iPhone
		{551B7B1E-864E-4C32-84F6-F796311CEDCC}.Debug|iPhone.ActiveCfg = Debug|iPhone
		{551B7B1E-864E-4C32-84F6-F796311CEDCC}.Debug|iPhone.Build.0 = Debug|iPhone
		{551B7B1E-864E-4C32-84F6-F796311CEDCC}.Debug|iPhone.Deploy.0 = Debug|iPhone
		{551B7B1E-864E-4C32-84F6-F796311CEDCC}.Debug|iPhoneSimulator.ActiveCfg = Debug|iPhoneSimulator
		{551B7B1E-864E-4C32-84F6-F796311CEDCC}.Debug|iPhoneSimulator.Build.0 = Debug|iPhoneSimulator
		{551B7B1E-864E-4C32-84F6-F796311CEDCC}.Debug|iPhoneSimulator.Deploy.0 = Debug|iPhoneSimulator
		{551B7B1E-864E-4C32-84F6-F796311CEDCC}.Debug|x64.ActiveCfg = Debug|iPhoneSimulator
		{551B7B1E-864E-4C32-84F6-F796311CEDCC}.Debug|x64.Build.0 = Debug|iPhoneSimulator
		{551B7B1E-864E-4C32-84F6-F796311CEDCC}.Debug|x64.Deploy.0 = Debug|iPhoneSimulator
		{551B7B1E-864E-4C32-84F6-F796311CEDCC}.Debug|x86.ActiveCfg = Debug|iPhoneSimulator
		{551B7B1E-864E-4C32-84F6-F796311CEDCC}.Debug|x86.Build.0 = Debug|iPhoneSimulator
		{551B7B1E-864E-4C32-84F6-F796311CEDCC}.Debug|x86.Deploy.0 = Debug|iPhoneSimulator
		{551B7B1E-864E-4C32-84F6-F796311CEDCC}.Release|Any CPU.ActiveCfg = Release|iPhoneSimulator
		{551B7B1E-864E-4C32-84F6-F796311CEDCC}.Release|Any CPU.Build.0 = Release|iPhoneSimulator
		{551B7B1E-864E-4C32-84F6-F796311CEDCC}.Release|Any CPU.Deploy.0 = Release|iPhoneSimulator
		{551B7B1E-864E-4C32-84F6-F796311CEDCC}.Release|ARM.ActiveCfg = Release|iPhoneSimulator
		{551B7B1E-864E-4C32-84F6-F796311CEDCC}.Release|ARM.Build.0 = Release|iPhoneSimulator
		{551B7B1E-864E-4C32-84F6-F796311CEDCC}.Release|ARM.Deploy.0 = Release|iPhoneSimulator
		{551B7B1E-864E-4C32-84F6-F796311CEDCC}.Release|iPhone.ActiveCfg = Release|iPhone
		{551B7B1E-864E-4C32-84F6-F796311CEDCC}.Release|iPhone.Build.0 = Release|iPhone
		{551B7B1E-864E-4C32-84F6-F796311CEDCC}.Release|iPhone.Deploy.0 = Release|iPhone
		{551B7B1E-864E-4C32-84F6-F796311CEDCC}.Release|iPhoneSimulator.ActiveCfg = Release|iPhoneSimulator
		{551B7B1E-864E-4C32-84F6-F796311CEDCC}.Release|iPhoneSimulator.Build.0 = Release|iPhoneSimulator
		{551B7B1E-864E-4C32-84F6-F796311CEDCC}.Release|iPhoneSimulator.Deploy.0 = Release|iPhoneSimulator
		{551B7B1E-864E-4C32-84F6-F796311CEDCC}.Release|x64.ActiveCfg = Release|iPhoneSimulator
		{551B7B1E-864E-4C32-84F6-F796311CEDCC}.Release|x64.Build.0 = Release|iPhoneSimulator
		{551B7B1E-864E-4C32-84F6-F796311CEDCC}.Release|x64.Deploy.0 = Release|iPhoneSimulator
		{551B7B1E-864E-4C32-84F6-F796311CEDCC}.Release|x86.ActiveCfg = Release|iPhoneSimulator
		{551B7B1E-864E-4C32-84F6-F796311CEDCC}.Release|x86.Build.0 = Release|iPhoneSimulator
		{551B7B1E-864E-4C32-84F6-F796311CEDCC}.Release|x86.Deploy.0 = Release|iPhoneSimulator
		{7EF93339-32C1-42D6-991C-99EB8E8CE112}.Debug|Any CPU.ActiveCfg = Debug|Any CPU
		{7EF93339-32C1-42D6-991C-99EB8E8CE112}.Debug|Any CPU.Build.0 = Debug|Any CPU
		{7EF93339-32C1-42D6-991C-99EB8E8CE112}.Debug|Any CPU.Deploy.0 = Debug|Any CPU
		{7EF93339-32C1-42D6-991C-99EB8E8CE112}.Debug|ARM.ActiveCfg = Debug|Any CPU
		{7EF93339-32C1-42D6-991C-99EB8E8CE112}.Debug|ARM.Build.0 = Debug|Any CPU
		{7EF93339-32C1-42D6-991C-99EB8E8CE112}.Debug|ARM.Deploy.0 = Debug|Any CPU
		{7EF93339-32C1-42D6-991C-99EB8E8CE112}.Debug|iPhone.ActiveCfg = Debug|Any CPU
		{7EF93339-32C1-42D6-991C-99EB8E8CE112}.Debug|iPhone.Build.0 = Debug|Any CPU
		{7EF93339-32C1-42D6-991C-99EB8E8CE112}.Debug|iPhone.Deploy.0 = Debug|Any CPU
		{7EF93339-32C1-42D6-991C-99EB8E8CE112}.Debug|iPhoneSimulator.ActiveCfg = Debug|Any CPU
		{7EF93339-32C1-42D6-991C-99EB8E8CE112}.Debug|iPhoneSimulator.Build.0 = Debug|Any CPU
		{7EF93339-32C1-42D6-991C-99EB8E8CE112}.Debug|iPhoneSimulator.Deploy.0 = Debug|Any CPU
		{7EF93339-32C1-42D6-991C-99EB8E8CE112}.Debug|x64.ActiveCfg = Debug|Any CPU
		{7EF93339-32C1-42D6-991C-99EB8E8CE112}.Debug|x64.Build.0 = Debug|Any CPU
		{7EF93339-32C1-42D6-991C-99EB8E8CE112}.Debug|x64.Deploy.0 = Debug|Any CPU
		{7EF93339-32C1-42D6-991C-99EB8E8CE112}.Debug|x86.ActiveCfg = Debug|Any CPU
		{7EF93339-32C1-42D6-991C-99EB8E8CE112}.Debug|x86.Build.0 = Debug|Any CPU
		{7EF93339-32C1-42D6-991C-99EB8E8CE112}.Debug|x86.Deploy.0 = Debug|Any CPU
		{7EF93339-32C1-42D6-991C-99EB8E8CE112}.Release|Any CPU.ActiveCfg = Release|Any CPU
		{7EF93339-32C1-42D6-991C-99EB8E8CE112}.Release|Any CPU.Build.0 = Release|Any CPU
		{7EF93339-32C1-42D6-991C-99EB8E8CE112}.Release|Any CPU.Deploy.0 = Release|Any CPU
		{7EF93339-32C1-42D6-991C-99EB8E8CE112}.Release|ARM.ActiveCfg = Release|Any CPU
		{7EF93339-32C1-42D6-991C-99EB8E8CE112}.Release|ARM.Build.0 = Release|Any CPU
		{7EF93339-32C1-42D6-991C-99EB8E8CE112}.Release|ARM.Deploy.0 = Release|Any CPU
		{7EF93339-32C1-42D6-991C-99EB8E8CE112}.Release|iPhone.ActiveCfg = Release|Any CPU
		{7EF93339-32C1-42D6-991C-99EB8E8CE112}.Release|iPhone.Build.0 = Release|Any CPU
		{7EF93339-32C1-42D6-991C-99EB8E8CE112}.Release|iPhone.Deploy.0 = Release|Any CPU
		{7EF93339-32C1-42D6-991C-99EB8E8CE112}.Release|iPhoneSimulator.ActiveCfg = Release|Any CPU
		{7EF93339-32C1-42D6-991C-99EB8E8CE112}.Release|iPhoneSimulator.Build.0 = Release|Any CPU
		{7EF93339-32C1-42D6-991C-99EB8E8CE112}.Release|iPhoneSimulator.Deploy.0 = Release|Any CPU
		{7EF93339-32C1-42D6-991C-99EB8E8CE112}.Release|x64.ActiveCfg = Release|Any CPU
		{7EF93339-32C1-42D6-991C-99EB8E8CE112}.Release|x64.Build.0 = Release|Any CPU
		{7EF93339-32C1-42D6-991C-99EB8E8CE112}.Release|x64.Deploy.0 = Release|Any CPU
		{7EF93339-32C1-42D6-991C-99EB8E8CE112}.Release|x86.ActiveCfg = Release|Any CPU
		{7EF93339-32C1-42D6-991C-99EB8E8CE112}.Release|x86.Build.0 = Release|Any CPU
		{7EF93339-32C1-42D6-991C-99EB8E8CE112}.Release|x86.Deploy.0 = Release|Any CPU
	EndGlobalSection
	GlobalSection(SolutionProperties) = preSolution
		HideSolutionNode = FALSE
	EndGlobalSection
	GlobalSection(ExtensibilityGlobals) = postSolution
		SolutionGuid = {502D2CC4-4F59-4F3F-B95F-B9E794D2ECD3}
	EndGlobalSection
EndGlobal
